
Microsoft Visual Studio Solution File, Format Version 12.00
# Visual Studio Version 17
VisualStudioVersion = 17.4.33103.184
MinimumVisualStudioVersion = 10.0.40219.1
Project("{FAE04EC0-301F-11D3-BF4B-00C04F79EFBC}") = "Practica", "Practica\Practica.csproj", "{FE3DB782-BCDA-4ED8-95CC-FF2D6E01D7A8}"
EndProject
Project("{FAE04EC0-301F-11D3-BF4B-00C04F79EFBC}") = "dominio", "dominio\dominio.csproj", "{1C8DB995-AC17-48F3-99FE-460B01819074}"
EndProject
Project("{FAE04EC0-301F-11D3-BF4B-00C04F79EFBC}") = "negocio", "negocio\negocio.csproj", "{A06B761D-1C6F-4F11-84D5-961739447346}"
EndProject
Global
	GlobalSection(SolutionConfigurationPlatforms) = preSolution
		Debug|Any CPU = Debug|Any CPU
		Release|Any CPU = Release|Any CPU
	EndGlobalSection
	GlobalSection(ProjectConfigurationPlatforms) = postSolution
		{FE3DB782-BCDA-4ED8-95CC-FF2D6E01D7A8}.Debug|Any CPU.ActiveCfg = Debug|Any CPU
		{FE3DB782-BCDA-4ED8-95CC-FF2D6E01D7A8}.Debug|Any CPU.Build.0 = Debug|Any CPU
		{FE3DB782-BCDA-4ED8-95CC-FF2D6E01D7A8}.Release|Any CPU.ActiveCfg = Release|Any CPU
		{FE3DB782-BCDA-4ED8-95CC-FF2D6E01D7A8}.Release|Any CPU.Build.0 = Release|Any CPU
		{1C8DB995-AC17-48F3-99FE-460B01819074}.Debug|Any CPU.ActiveCfg = Debug|Any CPU
		{1C8DB995-AC17-48F3-99FE-460B01819074}.Debug|Any CPU.Build.0 = Debug|Any CPU
		{1C8DB995-AC17-48F3-99FE-460B01819074}.Release|Any CPU.ActiveCfg = Release|Any CPU
		{1C8DB995-AC17-48F3-99FE-460B01819074}.Release|Any CPU.Build.0 = Release|Any CPU
		{A06B761D-1C6F-4F11-84D5-961739447346}.Debug|Any CPU.ActiveCfg = Debug|Any CPU
		{A06B761D-1C6F-4F11-84D5-961739447346}.Debug|Any CPU.Build.0 = Debug|Any CPU
		{A06B761D-1C6F-4F11-84D5-961739447346}.Release|Any CPU.ActiveCfg = Release|Any CPU
		{A06B761D-1C6F-4F11-84D5-961739447346}.Release|Any CPU.Build.0 = Release|Any CPU
	EndGlobalSection
	GlobalSection(SolutionProperties) = preSolution
		HideSolutionNode = FALSE
	EndGlobalSection
	GlobalSection(ExtensibilityGlobals) = postSolution
		SolutionGuid = {AA9B176A-0701-479D-9C81-29BBD305743D}
	EndGlobalSection
EndGlobal
